
Microsoft Visual Studio Solution File, Format Version 12.00
# Visual Studio Version 16
VisualStudioVersion = 16.0.31624.102
MinimumVisualStudioVersion = 10.0.40219.1
Project("{9A19103F-16F7-4668-BE54-9A1E7A4F7556}") = "01.DefineAClassPerson", "01.DefineAClassPerson\01.DefineAClassPerson.csproj", "{A38A9B3B-25DB-4BB4-8D42-4BBD82294237}"
EndProject
Project("{9A19103F-16F7-4668-BE54-9A1E7A4F7556}") = "02.CreatingConstructors", "02.CreatingConstructors\02.CreatingConstructors.csproj", "{48340853-5795-42FC-A940-E5162E2DFECB}"
EndProject
Project("{9A19103F-16F7-4668-BE54-9A1E7A4F7556}") = "03.OldestFamilyMember", "03.OldestFamilyMember\03.OldestFamilyMember.csproj", "{C157AEF6-7919-4F8A-BCCA-64B9828EE2D6}"
EndProject
Project("{9A19103F-16F7-4668-BE54-9A1E7A4F7556}") = "04.OpinionPoll", "04.OpinionPoll\04.OpinionPoll.csproj", "{3C35E851-7640-494F-B7E7-575A2E8E3BA8}"
EndProject
Project("{9A19103F-16F7-4668-BE54-9A1E7A4F7556}") = "05.DateModifier", "05.DateModifier\05.DateModifier.csproj", "{63210700-2565-470D-97EC-66E8E8F54F26}"
EndProject
Project("{9A19103F-16F7-4668-BE54-9A1E7A4F7556}") = "06.SpeedRacing", "06.SpeedRacing\06.SpeedRacing.csproj", "{4A339A6A-543A-4122-9A43-B29A8AEAB225}"
EndProject
Project("{9A19103F-16F7-4668-BE54-9A1E7A4F7556}") = "07.RawData", "07.RawData\07.RawData.csproj", "{25AFB334-374F-4E63-BF7F-67EFB0D84E3A}"
EndProject
Project("{9A19103F-16F7-4668-BE54-9A1E7A4F7556}") = "08.CarSalesman", "08.CarSalesman\08.CarSalesman.csproj", "{06194C36-B491-476B-AE9D-3D0739F0099B}"
EndProject
Project("{FAE04EC0-301F-11D3-BF4B-00C04F79EFBC}") = "09.PokemonTrainer", "09.PokemonTrainer\09.PokemonTrainer.csproj", "{4B6E7D79-5DBB-42F2-8F7D-0A57078EF064}"
EndProject
Project("{FAE04EC0-301F-11D3-BF4B-00C04F79EFBC}") = "10.SoftUniParking", "10.SoftUniParking\10.SoftUniParking.csproj", "{3A7C80A4-4165-4BCC-A5AE-D84CF737842A}"
EndProject
Global
	GlobalSection(SolutionConfigurationPlatforms) = preSolution
		Debug|Any CPU = Debug|Any CPU
		Release|Any CPU = Release|Any CPU
	EndGlobalSection
	GlobalSection(ProjectConfigurationPlatforms) = postSolution
		{A38A9B3B-25DB-4BB4-8D42-4BBD82294237}.Debug|Any CPU.ActiveCfg = Debug|Any CPU
		{A38A9B3B-25DB-4BB4-8D42-4BBD82294237}.Debug|Any CPU.Build.0 = Debug|Any CPU
		{A38A9B3B-25DB-4BB4-8D42-4BBD82294237}.Release|Any CPU.ActiveCfg = Release|Any CPU
		{A38A9B3B-25DB-4BB4-8D42-4BBD82294237}.Release|Any CPU.Build.0 = Release|Any CPU
		{48340853-5795-42FC-A940-E5162E2DFECB}.Debug|Any CPU.ActiveCfg = Debug|Any CPU
		{48340853-5795-42FC-A940-E5162E2DFECB}.Debug|Any CPU.Build.0 = Debug|Any CPU
		{48340853-5795-42FC-A940-E5162E2DFECB}.Release|Any CPU.ActiveCfg = Release|Any CPU
		{48340853-5795-42FC-A940-E5162E2DFECB}.Release|Any CPU.Build.0 = Release|Any CPU
		{C157AEF6-7919-4F8A-BCCA-64B9828EE2D6}.Debug|Any CPU.ActiveCfg = Debug|Any CPU
		{C157AEF6-7919-4F8A-BCCA-64B9828EE2D6}.Debug|Any CPU.Build.0 = Debug|Any CPU
		{C157AEF6-7919-4F8A-BCCA-64B9828EE2D6}.Release|Any CPU.ActiveCfg = Release|Any CPU
		{C157AEF6-7919-4F8A-BCCA-64B9828EE2D6}.Release|Any CPU.Build.0 = Release|Any CPU
		{3C35E851-7640-494F-B7E7-575A2E8E3BA8}.Debug|Any CPU.ActiveCfg = Debug|Any CPU
		{3C35E851-7640-494F-B7E7-575A2E8E3BA8}.Debug|Any CPU.Build.0 = Debug|Any CPU
		{3C35E851-7640-494F-B7E7-575A2E8E3BA8}.Release|Any CPU.ActiveCfg = Release|Any CPU
		{3C35E851-7640-494F-B7E7-575A2E8E3BA8}.Release|Any CPU.Build.0 = Release|Any CPU
		{63210700-2565-470D-97EC-66E8E8F54F26}.Debug|Any CPU.ActiveCfg = Debug|Any CPU
		{63210700-2565-470D-97EC-66E8E8F54F26}.Debug|Any CPU.Build.0 = Debug|Any CPU
		{63210700-2565-470D-97EC-66E8E8F54F26}.Release|Any CPU.ActiveCfg = Release|Any CPU
		{63210700-2565-470D-97EC-66E8E8F54F26}.Release|Any CPU.Build.0 = Release|Any CPU
		{4A339A6A-543A-4122-9A43-B29A8AEAB225}.Debug|Any CPU.ActiveCfg = Debug|Any CPU
		{4A339A6A-543A-4122-9A43-B29A8AEAB225}.Debug|Any CPU.Build.0 = Debug|Any CPU
		{4A339A6A-543A-4122-9A43-B29A8AEAB225}.Release|Any CPU.ActiveCfg = Release|Any CPU
		{4A339A6A-543A-4122-9A43-B29A8AEAB225}.Release|Any CPU.Build.0 = Release|Any CPU
		{25AFB334-374F-4E63-BF7F-67EFB0D84E3A}.Debug|Any CPU.ActiveCfg = Debug|Any CPU
		{25AFB334-374F-4E63-BF7F-67EFB0D84E3A}.Debug|Any CPU.Build.0 = Debug|Any CPU
		{25AFB334-374F-4E63-BF7F-67EFB0D84E3A}.Release|Any CPU.ActiveCfg = Release|Any CPU
		{25AFB334-374F-4E63-BF7F-67EFB0D84E3A}.Release|Any CPU.Build.0 = Release|Any CPU
		{06194C36-B491-476B-AE9D-3D0739F0099B}.Debug|Any CPU.ActiveCfg = Debug|Any CPU
		{06194C36-B491-476B-AE9D-3D0739F0099B}.Debug|Any CPU.Build.0 = Debug|Any CPU
		{06194C36-B491-476B-AE9D-3D0739F0099B}.Release|Any CPU.ActiveCfg = Release|Any CPU
		{06194C36-B491-476B-AE9D-3D0739F0099B}.Release|Any CPU.Build.0 = Release|Any CPU
		{4B6E7D79-5DBB-42F2-8F7D-0A57078EF064}.Debug|Any CPU.ActiveCfg = Debug|Any CPU
		{4B6E7D79-5DBB-42F2-8F7D-0A57078EF064}.Debug|Any CPU.Build.0 = Debug|Any CPU
		{4B6E7D79-5DBB-42F2-8F7D-0A57078EF064}.Release|Any CPU.ActiveCfg = Release|Any CPU
		{4B6E7D79-5DBB-42F2-8F7D-0A57078EF064}.Release|Any CPU.Build.0 = Release|Any CPU
		{3A7C80A4-4165-4BCC-A5AE-D84CF737842A}.Debug|Any CPU.ActiveCfg = Debug|Any CPU
		{3A7C80A4-4165-4BCC-A5AE-D84CF737842A}.Debug|Any CPU.Build.0 = Debug|Any CPU
		{3A7C80A4-4165-4BCC-A5AE-D84CF737842A}.Release|Any CPU.ActiveCfg = Release|Any CPU
		{3A7C80A4-4165-4BCC-A5AE-D84CF737842A}.Release|Any CPU.Build.0 = Release|Any CPU
	EndGlobalSection
	GlobalSection(SolutionProperties) = preSolution
		HideSolutionNode = FALSE
	EndGlobalSection
	GlobalSection(ExtensibilityGlobals) = postSolution
		SolutionGuid = {2AE2EB7F-B0CA-4142-BABA-CDC9C1E0A5FB}
	EndGlobalSection
EndGlobal
