
Microsoft Visual Studio Solution File, Format Version 12.00
# Visual Studio Version 17
VisualStudioVersion = 17.2.32602.215
MinimumVisualStudioVersion = 10.0.40219.1
Project("{9A19103F-16F7-4668-BE54-9A1E7A4F7556}") = "1.InitialSetup", "1.InitialSetup\1.InitialSetup.csproj", "{F0878C6A-E3A6-40F4-A990-4C8677635C4E}"
EndProject
Project("{9A19103F-16F7-4668-BE54-9A1E7A4F7556}") = "2.VillainNames", "2.VillainNames\2.VillainNames.csproj", "{F6AE0FE2-E437-4DB2-B047-57CFE150CD2B}"
EndProject
Project("{9A19103F-16F7-4668-BE54-9A1E7A4F7556}") = "3.MinionNames", "3.MinionNames\3.MinionNames.csproj", "{7A1AF0B5-CFE3-491F-8A0C-69AD1221E2EF}"
EndProject
Project("{9A19103F-16F7-4668-BE54-9A1E7A4F7556}") = "4.AddMinion", "4.AddMinion\4.AddMinion.csproj", "{1FACAA3E-8694-416B-B307-270821AEF0A1}"
EndProject
Project("{FAE04EC0-301F-11D3-BF4B-00C04F79EFBC}") = "5.ChangeTownNamesCasing", "5.ChangeTownNamesCasing\5.ChangeTownNamesCasing.csproj", "{E210C77A-78E8-46F4-9F0F-B4C192838020}"
EndProject
Project("{FAE04EC0-301F-11D3-BF4B-00C04F79EFBC}") = "6.RemoveVillain", "6.RemoveVillain\6.RemoveVillain.csproj", "{E61D89E5-90D9-4879-83AF-00D4925BBF95}"
EndProject
Project("{FAE04EC0-301F-11D3-BF4B-00C04F79EFBC}") = "7.PrintAllMinionNames", "7.PrintAllMinionNames\7.PrintAllMinionNames.csproj", "{E646EDB6-8806-4222-8AD4-3057FF74CEA7}"
EndProject
Project("{FAE04EC0-301F-11D3-BF4B-00C04F79EFBC}") = "8.IncreaseMinionAge", "8.IncreaseMinionAge\8.IncreaseMinionAge.csproj", "{03027A58-A16C-47D7-AF20-DB8598FAD88E}"
EndProject
Project("{FAE04EC0-301F-11D3-BF4B-00C04F79EFBC}") = "9.IncreaseAgeStoredProcedure", "9.IncreaseAgeStoredProcedure\9.IncreaseAgeStoredProcedure.csproj", "{3AF6C3A0-1C4B-4028-8C66-94EE1750B9E7}"
EndProject
Global
	GlobalSection(SolutionConfigurationPlatforms) = preSolution
		Debug|Any CPU = Debug|Any CPU
		Release|Any CPU = Release|Any CPU
	EndGlobalSection
	GlobalSection(ProjectConfigurationPlatforms) = postSolution
		{F0878C6A-E3A6-40F4-A990-4C8677635C4E}.Debug|Any CPU.ActiveCfg = Debug|Any CPU
		{F0878C6A-E3A6-40F4-A990-4C8677635C4E}.Debug|Any CPU.Build.0 = Debug|Any CPU
		{F0878C6A-E3A6-40F4-A990-4C8677635C4E}.Release|Any CPU.ActiveCfg = Release|Any CPU
		{F0878C6A-E3A6-40F4-A990-4C8677635C4E}.Release|Any CPU.Build.0 = Release|Any CPU
		{F6AE0FE2-E437-4DB2-B047-57CFE150CD2B}.Debug|Any CPU.ActiveCfg = Debug|Any CPU
		{F6AE0FE2-E437-4DB2-B047-57CFE150CD2B}.Debug|Any CPU.Build.0 = Debug|Any CPU
		{F6AE0FE2-E437-4DB2-B047-57CFE150CD2B}.Release|Any CPU.ActiveCfg = Release|Any CPU
		{F6AE0FE2-E437-4DB2-B047-57CFE150CD2B}.Release|Any CPU.Build.0 = Release|Any CPU
		{7A1AF0B5-CFE3-491F-8A0C-69AD1221E2EF}.Debug|Any CPU.ActiveCfg = Debug|Any CPU
		{7A1AF0B5-CFE3-491F-8A0C-69AD1221E2EF}.Debug|Any CPU.Build.0 = Debug|Any CPU
		{7A1AF0B5-CFE3-491F-8A0C-69AD1221E2EF}.Release|Any CPU.ActiveCfg = Release|Any CPU
		{7A1AF0B5-CFE3-491F-8A0C-69AD1221E2EF}.Release|Any CPU.Build.0 = Release|Any CPU
		{1FACAA3E-8694-416B-B307-270821AEF0A1}.Debug|Any CPU.ActiveCfg = Debug|Any CPU
		{1FACAA3E-8694-416B-B307-270821AEF0A1}.Debug|Any CPU.Build.0 = Debug|Any CPU
		{1FACAA3E-8694-416B-B307-270821AEF0A1}.Release|Any CPU.ActiveCfg = Release|Any CPU
		{1FACAA3E-8694-416B-B307-270821AEF0A1}.Release|Any CPU.Build.0 = Release|Any CPU
		{E210C77A-78E8-46F4-9F0F-B4C192838020}.Debug|Any CPU.ActiveCfg = Debug|Any CPU
		{E210C77A-78E8-46F4-9F0F-B4C192838020}.Debug|Any CPU.Build.0 = Debug|Any CPU
		{E210C77A-78E8-46F4-9F0F-B4C192838020}.Release|Any CPU.ActiveCfg = Release|Any CPU
		{E210C77A-78E8-46F4-9F0F-B4C192838020}.Release|Any CPU.Build.0 = Release|Any CPU
		{E61D89E5-90D9-4879-83AF-00D4925BBF95}.Debug|Any CPU.ActiveCfg = Debug|Any CPU
		{E61D89E5-90D9-4879-83AF-00D4925BBF95}.Debug|Any CPU.Build.0 = Debug|Any CPU
		{E61D89E5-90D9-4879-83AF-00D4925BBF95}.Release|Any CPU.ActiveCfg = Release|Any CPU
		{E61D89E5-90D9-4879-83AF-00D4925BBF95}.Release|Any CPU.Build.0 = Release|Any CPU
		{E646EDB6-8806-4222-8AD4-3057FF74CEA7}.Debug|Any CPU.ActiveCfg = Debug|Any CPU
		{E646EDB6-8806-4222-8AD4-3057FF74CEA7}.Debug|Any CPU.Build.0 = Debug|Any CPU
		{E646EDB6-8806-4222-8AD4-3057FF74CEA7}.Release|Any CPU.ActiveCfg = Release|Any CPU
		{E646EDB6-8806-4222-8AD4-3057FF74CEA7}.Release|Any CPU.Build.0 = Release|Any CPU
		{03027A58-A16C-47D7-AF20-DB8598FAD88E}.Debug|Any CPU.ActiveCfg = Debug|Any CPU
		{03027A58-A16C-47D7-AF20-DB8598FAD88E}.Debug|Any CPU.Build.0 = Debug|Any CPU
		{03027A58-A16C-47D7-AF20-DB8598FAD88E}.Release|Any CPU.ActiveCfg = Release|Any CPU
		{03027A58-A16C-47D7-AF20-DB8598FAD88E}.Release|Any CPU.Build.0 = Release|Any CPU
		{3AF6C3A0-1C4B-4028-8C66-94EE1750B9E7}.Debug|Any CPU.ActiveCfg = Debug|Any CPU
		{3AF6C3A0-1C4B-4028-8C66-94EE1750B9E7}.Debug|Any CPU.Build.0 = Debug|Any CPU
		{3AF6C3A0-1C4B-4028-8C66-94EE1750B9E7}.Release|Any CPU.ActiveCfg = Release|Any CPU
		{3AF6C3A0-1C4B-4028-8C66-94EE1750B9E7}.Release|Any CPU.Build.0 = Release|Any CPU
	EndGlobalSection
	GlobalSection(SolutionProperties) = preSolution
		HideSolutionNode = FALSE
	EndGlobalSection
	GlobalSection(ExtensibilityGlobals) = postSolution
		SolutionGuid = {333ACD5E-1086-4E94-9DE9-7333376550F6}
	EndGlobalSection
EndGlobal
