
Microsoft Visual Studio Solution File, Format Version 12.00
# Visual Studio Version 16
VisualStudioVersion = 16.0.30804.86
MinimumVisualStudioVersion = 10.0.40219.1
Project("{FAE04EC0-301F-11D3-BF4B-00C04F79EFBC}") = "03.DepositCalculator", "03.DepositCalculator\03.DepositCalculator.csproj", "{1D203C20-D98E-4826-B034-915C8E7561F0}"
EndProject
Project("{FAE04EC0-301F-11D3-BF4B-00C04F79EFBC}") = "04.VacationBooksList", "04.VacationBooksList\04.VacationBooksList.csproj", "{0FA97B21-D008-4F7C-B88C-1E547B714DD2}"
EndProject
Project("{FAE04EC0-301F-11D3-BF4B-00C04F79EFBC}") = "05.BirthdayParty", "05.BirthdayParty\05.BirthdayParty.csproj", "{D59AF209-AFFD-440D-8BAC-E43A635582AA}"
EndProject
Project("{FAE04EC0-301F-11D3-BF4B-00C04F79EFBC}") = "06.CharityCampaign", "06.CharityCampaign\06.CharityCampaign.csproj", "{64F4A38E-DECA-47DB-A688-4BF26B7C5FC0}"
EndProject
Project("{FAE04EC0-301F-11D3-BF4B-00C04F79EFBC}") = "07.FruitMarket", "07.FruitMarket\07.FruitMarket.csproj", "{7CD7C3C3-3CB8-4881-9E0F-C7524C8B1A03}"
EndProject
Project("{FAE04EC0-301F-11D3-BF4B-00C04F79EFBC}") = "08.FishTank", "08.FishTank\08.FishTank.csproj", "{04F8F620-43EA-4FC2-9F28-D2A8DC88D824}"
EndProject
Global
	GlobalSection(SolutionConfigurationPlatforms) = preSolution
		Debug|Any CPU = Debug|Any CPU
		Release|Any CPU = Release|Any CPU
	EndGlobalSection
	GlobalSection(ProjectConfigurationPlatforms) = postSolution
		{1D203C20-D98E-4826-B034-915C8E7561F0}.Debug|Any CPU.ActiveCfg = Debug|Any CPU
		{1D203C20-D98E-4826-B034-915C8E7561F0}.Debug|Any CPU.Build.0 = Debug|Any CPU
		{1D203C20-D98E-4826-B034-915C8E7561F0}.Release|Any CPU.ActiveCfg = Release|Any CPU
		{1D203C20-D98E-4826-B034-915C8E7561F0}.Release|Any CPU.Build.0 = Release|Any CPU
		{0FA97B21-D008-4F7C-B88C-1E547B714DD2}.Debug|Any CPU.ActiveCfg = Debug|Any CPU
		{0FA97B21-D008-4F7C-B88C-1E547B714DD2}.Debug|Any CPU.Build.0 = Debug|Any CPU
		{0FA97B21-D008-4F7C-B88C-1E547B714DD2}.Release|Any CPU.ActiveCfg = Release|Any CPU
		{0FA97B21-D008-4F7C-B88C-1E547B714DD2}.Release|Any CPU.Build.0 = Release|Any CPU
		{D59AF209-AFFD-440D-8BAC-E43A635582AA}.Debug|Any CPU.ActiveCfg = Debug|Any CPU
		{D59AF209-AFFD-440D-8BAC-E43A635582AA}.Debug|Any CPU.Build.0 = Debug|Any CPU
		{D59AF209-AFFD-440D-8BAC-E43A635582AA}.Release|Any CPU.ActiveCfg = Release|Any CPU
		{D59AF209-AFFD-440D-8BAC-E43A635582AA}.Release|Any CPU.Build.0 = Release|Any CPU
		{64F4A38E-DECA-47DB-A688-4BF26B7C5FC0}.Debug|Any CPU.ActiveCfg = Debug|Any CPU
		{64F4A38E-DECA-47DB-A688-4BF26B7C5FC0}.Debug|Any CPU.Build.0 = Debug|Any CPU
		{64F4A38E-DECA-47DB-A688-4BF26B7C5FC0}.Release|Any CPU.ActiveCfg = Release|Any CPU
		{64F4A38E-DECA-47DB-A688-4BF26B7C5FC0}.Release|Any CPU.Build.0 = Release|Any CPU
		{7CD7C3C3-3CB8-4881-9E0F-C7524C8B1A03}.Debug|Any CPU.ActiveCfg = Debug|Any CPU
		{7CD7C3C3-3CB8-4881-9E0F-C7524C8B1A03}.Debug|Any CPU.Build.0 = Debug|Any CPU
		{7CD7C3C3-3CB8-4881-9E0F-C7524C8B1A03}.Release|Any CPU.ActiveCfg = Release|Any CPU
		{7CD7C3C3-3CB8-4881-9E0F-C7524C8B1A03}.Release|Any CPU.Build.0 = Release|Any CPU
		{04F8F620-43EA-4FC2-9F28-D2A8DC88D824}.Debug|Any CPU.ActiveCfg = Debug|Any CPU
		{04F8F620-43EA-4FC2-9F28-D2A8DC88D824}.Debug|Any CPU.Build.0 = Debug|Any CPU
		{04F8F620-43EA-4FC2-9F28-D2A8DC88D824}.Release|Any CPU.ActiveCfg = Release|Any CPU
		{04F8F620-43EA-4FC2-9F28-D2A8DC88D824}.Release|Any CPU.Build.0 = Release|Any CPU
	EndGlobalSection
	GlobalSection(SolutionProperties) = preSolution
		HideSolutionNode = FALSE
	EndGlobalSection
	GlobalSection(ExtensibilityGlobals) = postSolution
		SolutionGuid = {CCAC16E9-A362-49C5-9465-5244993E50E3}
	EndGlobalSection
EndGlobal
