
Microsoft Visual Studio Solution File, Format Version 12.00
# Visual Studio Version 16
VisualStudioVersion = 16.0.31624.102
MinimumVisualStudioVersion = 10.0.40219.1
Project("{9A19103F-16F7-4668-BE54-9A1E7A4F7556}") = "01.BasicStackOperations", "01.BasicStackOperations\01.BasicStackOperations.csproj", "{4AA485E7-47FA-470B-A329-19507430E1BB}"
EndProject
Project("{9A19103F-16F7-4668-BE54-9A1E7A4F7556}") = "02.BasicQueueOperations", "02.BasicQueueOperations\02.BasicQueueOperations.csproj", "{072813C2-90A2-440C-B8E0-6BDC8DEBF621}"
EndProject
Project("{9A19103F-16F7-4668-BE54-9A1E7A4F7556}") = "03.MaximumAndMinimumElement", "03.MaximumAndMinimumElement\03.MaximumAndMinimumElement.csproj", "{C7010768-2375-458A-81B4-D62DDAD059D3}"
EndProject
Project("{9A19103F-16F7-4668-BE54-9A1E7A4F7556}") = "04.FastFood", "04.FastFood\04.FastFood.csproj", "{26F16C10-7CD6-4D88-A311-087F861EE3E2}"
EndProject
Project("{9A19103F-16F7-4668-BE54-9A1E7A4F7556}") = "05.FashionBoutique", "05.FashionBoutique\05.FashionBoutique.csproj", "{065DE95C-78D6-4051-A950-B91913D57631}"
EndProject
Project("{9A19103F-16F7-4668-BE54-9A1E7A4F7556}") = "06.SongsQueue", "06.SongsQueue\06.SongsQueue.csproj", "{A64F0BE3-684F-4442-9C62-F072163373D7}"
EndProject
Project("{9A19103F-16F7-4668-BE54-9A1E7A4F7556}") = "07.TruckTour", "07.TruckTour\07.TruckTour.csproj", "{19DF0A75-D8E6-4CA9-9365-DB0576D2E88E}"
EndProject
Project("{9A19103F-16F7-4668-BE54-9A1E7A4F7556}") = "08.BalancedParenthesis", "08.BalancedParenthesis\08.BalancedParenthesis.csproj", "{1F3A5605-0372-4C01-86F1-F5EF8AD6DF57}"
EndProject
Project("{FAE04EC0-301F-11D3-BF4B-00C04F79EFBC}") = "09.SimpleTextEditor", "09.SimpleTextEditor\09.SimpleTextEditor.csproj", "{BC0931B1-ED81-4CB6-9511-4B68395999AE}"
EndProject
Project("{FAE04EC0-301F-11D3-BF4B-00C04F79EFBC}") = "10.Crossroads", "10.Crossroads\10.Crossroads.csproj", "{E36CA999-16B1-44CA-A46A-34C113B6BD9F}"
EndProject
Project("{FAE04EC0-301F-11D3-BF4B-00C04F79EFBC}") = "11.KeyRevolver", "11.KeyRevolver\11.KeyRevolver.csproj", "{DBA8D6AD-F261-4E9E-86D3-61CA3A0504DC}"
EndProject
Project("{FAE04EC0-301F-11D3-BF4B-00C04F79EFBC}") = "12.CupsAndBottles", "12.CupsAndBottles\12.CupsAndBottles.csproj", "{1AA94F77-65F9-4198-82D5-B12D62DFE212}"
EndProject
Global
	GlobalSection(SolutionConfigurationPlatforms) = preSolution
		Debug|Any CPU = Debug|Any CPU
		Release|Any CPU = Release|Any CPU
	EndGlobalSection
	GlobalSection(ProjectConfigurationPlatforms) = postSolution
		{4AA485E7-47FA-470B-A329-19507430E1BB}.Debug|Any CPU.ActiveCfg = Debug|Any CPU
		{4AA485E7-47FA-470B-A329-19507430E1BB}.Debug|Any CPU.Build.0 = Debug|Any CPU
		{4AA485E7-47FA-470B-A329-19507430E1BB}.Release|Any CPU.ActiveCfg = Release|Any CPU
		{4AA485E7-47FA-470B-A329-19507430E1BB}.Release|Any CPU.Build.0 = Release|Any CPU
		{072813C2-90A2-440C-B8E0-6BDC8DEBF621}.Debug|Any CPU.ActiveCfg = Debug|Any CPU
		{072813C2-90A2-440C-B8E0-6BDC8DEBF621}.Debug|Any CPU.Build.0 = Debug|Any CPU
		{072813C2-90A2-440C-B8E0-6BDC8DEBF621}.Release|Any CPU.ActiveCfg = Release|Any CPU
		{072813C2-90A2-440C-B8E0-6BDC8DEBF621}.Release|Any CPU.Build.0 = Release|Any CPU
		{C7010768-2375-458A-81B4-D62DDAD059D3}.Debug|Any CPU.ActiveCfg = Debug|Any CPU
		{C7010768-2375-458A-81B4-D62DDAD059D3}.Debug|Any CPU.Build.0 = Debug|Any CPU
		{C7010768-2375-458A-81B4-D62DDAD059D3}.Release|Any CPU.ActiveCfg = Release|Any CPU
		{C7010768-2375-458A-81B4-D62DDAD059D3}.Release|Any CPU.Build.0 = Release|Any CPU
		{26F16C10-7CD6-4D88-A311-087F861EE3E2}.Debug|Any CPU.ActiveCfg = Debug|Any CPU
		{26F16C10-7CD6-4D88-A311-087F861EE3E2}.Debug|Any CPU.Build.0 = Debug|Any CPU
		{26F16C10-7CD6-4D88-A311-087F861EE3E2}.Release|Any CPU.ActiveCfg = Release|Any CPU
		{26F16C10-7CD6-4D88-A311-087F861EE3E2}.Release|Any CPU.Build.0 = Release|Any CPU
		{065DE95C-78D6-4051-A950-B91913D57631}.Debug|Any CPU.ActiveCfg = Debug|Any CPU
		{065DE95C-78D6-4051-A950-B91913D57631}.Debug|Any CPU.Build.0 = Debug|Any CPU
		{065DE95C-78D6-4051-A950-B91913D57631}.Release|Any CPU.ActiveCfg = Release|Any CPU
		{065DE95C-78D6-4051-A950-B91913D57631}.Release|Any CPU.Build.0 = Release|Any CPU
		{A64F0BE3-684F-4442-9C62-F072163373D7}.Debug|Any CPU.ActiveCfg = Debug|Any CPU
		{A64F0BE3-684F-4442-9C62-F072163373D7}.Debug|Any CPU.Build.0 = Debug|Any CPU
		{A64F0BE3-684F-4442-9C62-F072163373D7}.Release|Any CPU.ActiveCfg = Release|Any CPU
		{A64F0BE3-684F-4442-9C62-F072163373D7}.Release|Any CPU.Build.0 = Release|Any CPU
		{19DF0A75-D8E6-4CA9-9365-DB0576D2E88E}.Debug|Any CPU.ActiveCfg = Debug|Any CPU
		{19DF0A75-D8E6-4CA9-9365-DB0576D2E88E}.Debug|Any CPU.Build.0 = Debug|Any CPU
		{19DF0A75-D8E6-4CA9-9365-DB0576D2E88E}.Release|Any CPU.ActiveCfg = Release|Any CPU
		{19DF0A75-D8E6-4CA9-9365-DB0576D2E88E}.Release|Any CPU.Build.0 = Release|Any CPU
		{1F3A5605-0372-4C01-86F1-F5EF8AD6DF57}.Debug|Any CPU.ActiveCfg = Debug|Any CPU
		{1F3A5605-0372-4C01-86F1-F5EF8AD6DF57}.Debug|Any CPU.Build.0 = Debug|Any CPU
		{1F3A5605-0372-4C01-86F1-F5EF8AD6DF57}.Release|Any CPU.ActiveCfg = Release|Any CPU
		{1F3A5605-0372-4C01-86F1-F5EF8AD6DF57}.Release|Any CPU.Build.0 = Release|Any CPU
		{BC0931B1-ED81-4CB6-9511-4B68395999AE}.Debug|Any CPU.ActiveCfg = Debug|Any CPU
		{BC0931B1-ED81-4CB6-9511-4B68395999AE}.Debug|Any CPU.Build.0 = Debug|Any CPU
		{BC0931B1-ED81-4CB6-9511-4B68395999AE}.Release|Any CPU.ActiveCfg = Release|Any CPU
		{BC0931B1-ED81-4CB6-9511-4B68395999AE}.Release|Any CPU.Build.0 = Release|Any CPU
		{E36CA999-16B1-44CA-A46A-34C113B6BD9F}.Debug|Any CPU.ActiveCfg = Debug|Any CPU
		{E36CA999-16B1-44CA-A46A-34C113B6BD9F}.Debug|Any CPU.Build.0 = Debug|Any CPU
		{E36CA999-16B1-44CA-A46A-34C113B6BD9F}.Release|Any CPU.ActiveCfg = Release|Any CPU
		{E36CA999-16B1-44CA-A46A-34C113B6BD9F}.Release|Any CPU.Build.0 = Release|Any CPU
		{DBA8D6AD-F261-4E9E-86D3-61CA3A0504DC}.Debug|Any CPU.ActiveCfg = Debug|Any CPU
		{DBA8D6AD-F261-4E9E-86D3-61CA3A0504DC}.Debug|Any CPU.Build.0 = Debug|Any CPU
		{DBA8D6AD-F261-4E9E-86D3-61CA3A0504DC}.Release|Any CPU.ActiveCfg = Release|Any CPU
		{DBA8D6AD-F261-4E9E-86D3-61CA3A0504DC}.Release|Any CPU.Build.0 = Release|Any CPU
		{1AA94F77-65F9-4198-82D5-B12D62DFE212}.Debug|Any CPU.ActiveCfg = Debug|Any CPU
		{1AA94F77-65F9-4198-82D5-B12D62DFE212}.Debug|Any CPU.Build.0 = Debug|Any CPU
		{1AA94F77-65F9-4198-82D5-B12D62DFE212}.Release|Any CPU.ActiveCfg = Release|Any CPU
		{1AA94F77-65F9-4198-82D5-B12D62DFE212}.Release|Any CPU.Build.0 = Release|Any CPU
	EndGlobalSection
	GlobalSection(SolutionProperties) = preSolution
		HideSolutionNode = FALSE
	EndGlobalSection
	GlobalSection(ExtensibilityGlobals) = postSolution
		SolutionGuid = {BD419ADB-0C83-497E-9F35-1272E086CEEA}
	EndGlobalSection
EndGlobal
