
Microsoft Visual Studio Solution File, Format Version 12.00
# Visual Studio Version 16
VisualStudioVersion = 16.0.31729.503
MinimumVisualStudioVersion = 10.0.40219.1
Project("{FAE04EC0-301F-11D3-BF4B-00C04F79EFBC}") = "01.MathOperations", "01.MathOperations\01.MathOperations.csproj", "{59674660-FBE3-4C2B-84DA-EDD39F3D9500}"
EndProject
Project("{FAE04EC0-301F-11D3-BF4B-00C04F79EFBC}") = "02.Animals", "02.Animals\02.Animals.csproj", "{4DBD92F6-FF86-429B-84C9-575458562B7A}"
EndProject
Project("{FAE04EC0-301F-11D3-BF4B-00C04F79EFBC}") = "03.Shapes", "03.Shapes\03.Shapes.csproj", "{27F9A63C-BA95-4E01-A5CB-91A35C3F4099}"
EndProject
Global
	GlobalSection(SolutionConfigurationPlatforms) = preSolution
		Debug|Any CPU = Debug|Any CPU
		Release|Any CPU = Release|Any CPU
	EndGlobalSection
	GlobalSection(ProjectConfigurationPlatforms) = postSolution
		{59674660-FBE3-4C2B-84DA-EDD39F3D9500}.Debug|Any CPU.ActiveCfg = Debug|Any CPU
		{59674660-FBE3-4C2B-84DA-EDD39F3D9500}.Debug|Any CPU.Build.0 = Debug|Any CPU
		{59674660-FBE3-4C2B-84DA-EDD39F3D9500}.Release|Any CPU.ActiveCfg = Release|Any CPU
		{59674660-FBE3-4C2B-84DA-EDD39F3D9500}.Release|Any CPU.Build.0 = Release|Any CPU
		{4DBD92F6-FF86-429B-84C9-575458562B7A}.Debug|Any CPU.ActiveCfg = Debug|Any CPU
		{4DBD92F6-FF86-429B-84C9-575458562B7A}.Debug|Any CPU.Build.0 = Debug|Any CPU
		{4DBD92F6-FF86-429B-84C9-575458562B7A}.Release|Any CPU.ActiveCfg = Release|Any CPU
		{4DBD92F6-FF86-429B-84C9-575458562B7A}.Release|Any CPU.Build.0 = Release|Any CPU
		{27F9A63C-BA95-4E01-A5CB-91A35C3F4099}.Debug|Any CPU.ActiveCfg = Debug|Any CPU
		{27F9A63C-BA95-4E01-A5CB-91A35C3F4099}.Debug|Any CPU.Build.0 = Debug|Any CPU
		{27F9A63C-BA95-4E01-A5CB-91A35C3F4099}.Release|Any CPU.ActiveCfg = Release|Any CPU
		{27F9A63C-BA95-4E01-A5CB-91A35C3F4099}.Release|Any CPU.Build.0 = Release|Any CPU
	EndGlobalSection
	GlobalSection(SolutionProperties) = preSolution
		HideSolutionNode = FALSE
	EndGlobalSection
	GlobalSection(ExtensibilityGlobals) = postSolution
		SolutionGuid = {D41AC013-F06F-4D27-BA32-6910F3B1CCC6}
	EndGlobalSection
EndGlobal
