
Microsoft Visual Studio Solution File, Format Version 12.00
# Visual Studio Version 16
VisualStudioVersion = 16.0.31424.327
MinimumVisualStudioVersion = 10.0.40219.1
Project("{FAE04EC0-301F-11D3-BF4B-00C04F79EFBC}") = "01.CountRealNumbers", "01.CountRealNumbers\01.CountRealNumbers.csproj", "{A2A33167-5047-4B3B-8404-5F50553164F0}"
EndProject
Project("{FAE04EC0-301F-11D3-BF4B-00C04F79EFBC}") = "02.OddOccurrences", "02.OddOccurrences\02.OddOccurrences.csproj", "{E3E3769D-2C25-4284-9D4C-D3BF3E0559D0}"
EndProject
Project("{FAE04EC0-301F-11D3-BF4B-00C04F79EFBC}") = "03.WordSynonyms", "03.WordSynonyms\03.WordSynonyms.csproj", "{D3F9142A-2F9C-444D-A63E-267BAD42CC61}"
EndProject
Project("{FAE04EC0-301F-11D3-BF4B-00C04F79EFBC}") = "04.Largest3Numbers", "04.Largest3Numbers\04.Largest3Numbers.csproj", "{DC500DD6-94BC-4249-BAD3-CAE3D837DCCD}"
EndProject
Project("{FAE04EC0-301F-11D3-BF4B-00C04F79EFBC}") = "05.WordFilter", "05.WordFilter\05.WordFilter.csproj", "{7AAA9629-A11F-475D-B32E-98901D5607C5}"
EndProject
Global
	GlobalSection(SolutionConfigurationPlatforms) = preSolution
		Debug|Any CPU = Debug|Any CPU
		Release|Any CPU = Release|Any CPU
	EndGlobalSection
	GlobalSection(ProjectConfigurationPlatforms) = postSolution
		{A2A33167-5047-4B3B-8404-5F50553164F0}.Debug|Any CPU.ActiveCfg = Debug|Any CPU
		{A2A33167-5047-4B3B-8404-5F50553164F0}.Debug|Any CPU.Build.0 = Debug|Any CPU
		{A2A33167-5047-4B3B-8404-5F50553164F0}.Release|Any CPU.ActiveCfg = Release|Any CPU
		{A2A33167-5047-4B3B-8404-5F50553164F0}.Release|Any CPU.Build.0 = Release|Any CPU
		{E3E3769D-2C25-4284-9D4C-D3BF3E0559D0}.Debug|Any CPU.ActiveCfg = Debug|Any CPU
		{E3E3769D-2C25-4284-9D4C-D3BF3E0559D0}.Debug|Any CPU.Build.0 = Debug|Any CPU
		{E3E3769D-2C25-4284-9D4C-D3BF3E0559D0}.Release|Any CPU.ActiveCfg = Release|Any CPU
		{E3E3769D-2C25-4284-9D4C-D3BF3E0559D0}.Release|Any CPU.Build.0 = Release|Any CPU
		{D3F9142A-2F9C-444D-A63E-267BAD42CC61}.Debug|Any CPU.ActiveCfg = Debug|Any CPU
		{D3F9142A-2F9C-444D-A63E-267BAD42CC61}.Debug|Any CPU.Build.0 = Debug|Any CPU
		{D3F9142A-2F9C-444D-A63E-267BAD42CC61}.Release|Any CPU.ActiveCfg = Release|Any CPU
		{D3F9142A-2F9C-444D-A63E-267BAD42CC61}.Release|Any CPU.Build.0 = Release|Any CPU
		{DC500DD6-94BC-4249-BAD3-CAE3D837DCCD}.Debug|Any CPU.ActiveCfg = Debug|Any CPU
		{DC500DD6-94BC-4249-BAD3-CAE3D837DCCD}.Debug|Any CPU.Build.0 = Debug|Any CPU
		{DC500DD6-94BC-4249-BAD3-CAE3D837DCCD}.Release|Any CPU.ActiveCfg = Release|Any CPU
		{DC500DD6-94BC-4249-BAD3-CAE3D837DCCD}.Release|Any CPU.Build.0 = Release|Any CPU
		{7AAA9629-A11F-475D-B32E-98901D5607C5}.Debug|Any CPU.ActiveCfg = Debug|Any CPU
		{7AAA9629-A11F-475D-B32E-98901D5607C5}.Debug|Any CPU.Build.0 = Debug|Any CPU
		{7AAA9629-A11F-475D-B32E-98901D5607C5}.Release|Any CPU.ActiveCfg = Release|Any CPU
		{7AAA9629-A11F-475D-B32E-98901D5607C5}.Release|Any CPU.Build.0 = Release|Any CPU
	EndGlobalSection
	GlobalSection(SolutionProperties) = preSolution
		HideSolutionNode = FALSE
	EndGlobalSection
	GlobalSection(ExtensibilityGlobals) = postSolution
		SolutionGuid = {41417D7B-63FA-478F-A9CA-1E9DA2C6A1A5}
	EndGlobalSection
EndGlobal
