
Microsoft Visual Studio Solution File, Format Version 12.00
# Visual Studio Version 16
VisualStudioVersion = 16.0.31729.503
MinimumVisualStudioVersion = 10.0.40219.1
Project("{FAE04EC0-301F-11D3-BF4B-00C04F79EFBC}") = "01.SingleInheritance", "01.SingleInheritance\01.SingleInheritance.csproj", "{C10A2719-8C1E-469B-AA2F-492506730739}"
EndProject
Project("{FAE04EC0-301F-11D3-BF4B-00C04F79EFBC}") = "02.MultipleInheritance", "02.MultipleInheritance\02.MultipleInheritance.csproj", "{2BB4B164-283D-41C5-8FFF-43EB04EF76B7}"
EndProject
Project("{FAE04EC0-301F-11D3-BF4B-00C04F79EFBC}") = "03.HierarchicalInheritance", "03.HierarchicalInheritance\03.HierarchicalInheritance.csproj", "{5BA79829-E2C6-4920-8802-F3641D4D73E2}"
EndProject
Global
	GlobalSection(SolutionConfigurationPlatforms) = preSolution
		Debug|Any CPU = Debug|Any CPU
		Release|Any CPU = Release|Any CPU
	EndGlobalSection
	GlobalSection(ProjectConfigurationPlatforms) = postSolution
		{C10A2719-8C1E-469B-AA2F-492506730739}.Debug|Any CPU.ActiveCfg = Debug|Any CPU
		{C10A2719-8C1E-469B-AA2F-492506730739}.Debug|Any CPU.Build.0 = Debug|Any CPU
		{C10A2719-8C1E-469B-AA2F-492506730739}.Release|Any CPU.ActiveCfg = Release|Any CPU
		{C10A2719-8C1E-469B-AA2F-492506730739}.Release|Any CPU.Build.0 = Release|Any CPU
		{2BB4B164-283D-41C5-8FFF-43EB04EF76B7}.Debug|Any CPU.ActiveCfg = Debug|Any CPU
		{2BB4B164-283D-41C5-8FFF-43EB04EF76B7}.Debug|Any CPU.Build.0 = Debug|Any CPU
		{2BB4B164-283D-41C5-8FFF-43EB04EF76B7}.Release|Any CPU.ActiveCfg = Release|Any CPU
		{2BB4B164-283D-41C5-8FFF-43EB04EF76B7}.Release|Any CPU.Build.0 = Release|Any CPU
		{5BA79829-E2C6-4920-8802-F3641D4D73E2}.Debug|Any CPU.ActiveCfg = Debug|Any CPU
		{5BA79829-E2C6-4920-8802-F3641D4D73E2}.Debug|Any CPU.Build.0 = Debug|Any CPU
		{5BA79829-E2C6-4920-8802-F3641D4D73E2}.Release|Any CPU.ActiveCfg = Release|Any CPU
		{5BA79829-E2C6-4920-8802-F3641D4D73E2}.Release|Any CPU.Build.0 = Release|Any CPU
	EndGlobalSection
	GlobalSection(SolutionProperties) = preSolution
		HideSolutionNode = FALSE
	EndGlobalSection
	GlobalSection(ExtensibilityGlobals) = postSolution
		SolutionGuid = {CF024231-056D-490C-8852-66B892EE1599}
	EndGlobalSection
EndGlobal
