
Microsoft Visual Studio Solution File, Format Version 12.00
# Visual Studio Version 16
VisualStudioVersion = 16.0.31424.327
MinimumVisualStudioVersion = 10.0.40219.1
Project("{9A19103F-16F7-4668-BE54-9A1E7A4F7556}") = "01.Messaging", "01.Messaging\01.Messaging.csproj", "{AF414036-B6E4-4C60-AF01-A3A45B627BEB}"
EndProject
Project("{FAE04EC0-301F-11D3-BF4B-00C04F79EFBC}") = "05.DrumSet", "05.DrumSet\05.DrumSet.csproj", "{BA4BD973-64DE-4B73-AD82-6D4E15E76D8D}"
EndProject
Project("{FAE04EC0-301F-11D3-BF4B-00C04F79EFBC}") = "02.CarRace", "02.CarRace\02.CarRace.csproj", "{957744FA-ED83-488F-B6DA-6619E0FBD776}"
EndProject
Project("{FAE04EC0-301F-11D3-BF4B-00C04F79EFBC}") = "03.TakeSkipRope", "03.TakeSkipRope\03.TakeSkipRope.csproj", "{1195F115-38EB-4747-A8A8-03B35104D8D8}"
EndProject
Project("{FAE04EC0-301F-11D3-BF4B-00C04F79EFBC}") = "04.MixedUpLists", "04.MixedUpLists\04.MixedUpLists.csproj", "{97A6076C-6C26-48A0-8371-1C50A60E260B}"
EndProject
Global
	GlobalSection(SolutionConfigurationPlatforms) = preSolution
		Debug|Any CPU = Debug|Any CPU
		Release|Any CPU = Release|Any CPU
	EndGlobalSection
	GlobalSection(ProjectConfigurationPlatforms) = postSolution
		{AF414036-B6E4-4C60-AF01-A3A45B627BEB}.Debug|Any CPU.ActiveCfg = Debug|Any CPU
		{AF414036-B6E4-4C60-AF01-A3A45B627BEB}.Debug|Any CPU.Build.0 = Debug|Any CPU
		{AF414036-B6E4-4C60-AF01-A3A45B627BEB}.Release|Any CPU.ActiveCfg = Release|Any CPU
		{AF414036-B6E4-4C60-AF01-A3A45B627BEB}.Release|Any CPU.Build.0 = Release|Any CPU
		{BA4BD973-64DE-4B73-AD82-6D4E15E76D8D}.Debug|Any CPU.ActiveCfg = Debug|Any CPU
		{BA4BD973-64DE-4B73-AD82-6D4E15E76D8D}.Debug|Any CPU.Build.0 = Debug|Any CPU
		{BA4BD973-64DE-4B73-AD82-6D4E15E76D8D}.Release|Any CPU.ActiveCfg = Release|Any CPU
		{BA4BD973-64DE-4B73-AD82-6D4E15E76D8D}.Release|Any CPU.Build.0 = Release|Any CPU
		{957744FA-ED83-488F-B6DA-6619E0FBD776}.Debug|Any CPU.ActiveCfg = Debug|Any CPU
		{957744FA-ED83-488F-B6DA-6619E0FBD776}.Debug|Any CPU.Build.0 = Debug|Any CPU
		{957744FA-ED83-488F-B6DA-6619E0FBD776}.Release|Any CPU.ActiveCfg = Release|Any CPU
		{957744FA-ED83-488F-B6DA-6619E0FBD776}.Release|Any CPU.Build.0 = Release|Any CPU
		{1195F115-38EB-4747-A8A8-03B35104D8D8}.Debug|Any CPU.ActiveCfg = Debug|Any CPU
		{1195F115-38EB-4747-A8A8-03B35104D8D8}.Debug|Any CPU.Build.0 = Debug|Any CPU
		{1195F115-38EB-4747-A8A8-03B35104D8D8}.Release|Any CPU.ActiveCfg = Release|Any CPU
		{1195F115-38EB-4747-A8A8-03B35104D8D8}.Release|Any CPU.Build.0 = Release|Any CPU
		{97A6076C-6C26-48A0-8371-1C50A60E260B}.Debug|Any CPU.ActiveCfg = Debug|Any CPU
		{97A6076C-6C26-48A0-8371-1C50A60E260B}.Debug|Any CPU.Build.0 = Debug|Any CPU
		{97A6076C-6C26-48A0-8371-1C50A60E260B}.Release|Any CPU.ActiveCfg = Release|Any CPU
		{97A6076C-6C26-48A0-8371-1C50A60E260B}.Release|Any CPU.Build.0 = Release|Any CPU
	EndGlobalSection
	GlobalSection(SolutionProperties) = preSolution
		HideSolutionNode = FALSE
	EndGlobalSection
	GlobalSection(ExtensibilityGlobals) = postSolution
		SolutionGuid = {694C18EA-C4B1-495D-B0F7-336118D082FC}
	EndGlobalSection
EndGlobal
