
Microsoft Visual Studio Solution File, Format Version 12.00
# Visual Studio Version 16
VisualStudioVersion = 16.0.31624.102
MinimumVisualStudioVersion = 10.0.40219.1
Project("{9A19103F-16F7-4668-BE54-9A1E7A4F7556}") = "01.UniqueUsernames", "01.UniqueUsernames\01.UniqueUsernames.csproj", "{628824AD-A4E9-48C3-BDB1-A81427C7B8BF}"
EndProject
Project("{FAE04EC0-301F-11D3-BF4B-00C04F79EFBC}") = "02.SetsOfElements", "02.SetsOfElements\02.SetsOfElements.csproj", "{A328E145-E8E3-473B-9EB2-A34B08B3F129}"
EndProject
Global
	GlobalSection(SolutionConfigurationPlatforms) = preSolution
		Debug|Any CPU = Debug|Any CPU
		Release|Any CPU = Release|Any CPU
	EndGlobalSection
	GlobalSection(ProjectConfigurationPlatforms) = postSolution
		{628824AD-A4E9-48C3-BDB1-A81427C7B8BF}.Debug|Any CPU.ActiveCfg = Debug|Any CPU
		{628824AD-A4E9-48C3-BDB1-A81427C7B8BF}.Debug|Any CPU.Build.0 = Debug|Any CPU
		{628824AD-A4E9-48C3-BDB1-A81427C7B8BF}.Release|Any CPU.ActiveCfg = Release|Any CPU
		{628824AD-A4E9-48C3-BDB1-A81427C7B8BF}.Release|Any CPU.Build.0 = Release|Any CPU
		{A328E145-E8E3-473B-9EB2-A34B08B3F129}.Debug|Any CPU.ActiveCfg = Debug|Any CPU
		{A328E145-E8E3-473B-9EB2-A34B08B3F129}.Debug|Any CPU.Build.0 = Debug|Any CPU
		{A328E145-E8E3-473B-9EB2-A34B08B3F129}.Release|Any CPU.ActiveCfg = Release|Any CPU
		{A328E145-E8E3-473B-9EB2-A34B08B3F129}.Release|Any CPU.Build.0 = Release|Any CPU
	EndGlobalSection
	GlobalSection(SolutionProperties) = preSolution
		HideSolutionNode = FALSE
	EndGlobalSection
	GlobalSection(ExtensibilityGlobals) = postSolution
		SolutionGuid = {89EC4242-CA2B-4584-883E-9795142819A0}
	EndGlobalSection
EndGlobal
