
Microsoft Visual Studio Solution File, Format Version 12.00
# Visual Studio Version 17
VisualStudioVersion = 17.2.32602.215
MinimumVisualStudioVersion = 10.0.40219.1
Project("{FAE04EC0-301F-11D3-BF4B-00C04F79EFBC}") = "SoftUni", "SoftUni\SoftUni.csproj", "{A3268A98-0B1B-4A76-AF07-DC72EFB36AD5}"
EndProject
Global
	GlobalSection(SolutionConfigurationPlatforms) = preSolution
		Debug|Any CPU = Debug|Any CPU
		Release|Any CPU = Release|Any CPU
	EndGlobalSection
	GlobalSection(ProjectConfigurationPlatforms) = postSolution
		{A3268A98-0B1B-4A76-AF07-DC72EFB36AD5}.Debug|Any CPU.ActiveCfg = Debug|Any CPU
		{A3268A98-0B1B-4A76-AF07-DC72EFB36AD5}.Debug|Any CPU.Build.0 = Debug|Any CPU
		{A3268A98-0B1B-4A76-AF07-DC72EFB36AD5}.Release|Any CPU.ActiveCfg = Release|Any CPU
		{A3268A98-0B1B-4A76-AF07-DC72EFB36AD5}.Release|Any CPU.Build.0 = Release|Any CPU
	EndGlobalSection
	GlobalSection(SolutionProperties) = preSolution
		HideSolutionNode = FALSE
	EndGlobalSection
	GlobalSection(ExtensibilityGlobals) = postSolution
		SolutionGuid = {EB4F44B7-04C5-4ACA-B3AA-492AB692F9CC}
	EndGlobalSection
EndGlobal
