
Microsoft Visual Studio Solution File, Format Version 12.00
# Visual Studio Version 16
VisualStudioVersion = 16.0.31424.327
MinimumVisualStudioVersion = 10.0.40219.1
Project("{FAE04EC0-301F-11D3-BF4B-00C04F79EFBC}") = "01.Problem", "01.Problem\01.Problem.csproj", "{06C9FF25-4257-4B25-8C50-5C3AA3123858}"
EndProject
Project("{FAE04EC0-301F-11D3-BF4B-00C04F79EFBC}") = "02.Problem", "02.Problem\02.Problem.csproj", "{FA46730E-D8E3-4EA0-94FD-305AB6B2B274}"
EndProject
Project("{FAE04EC0-301F-11D3-BF4B-00C04F79EFBC}") = "03.Problem", "03.Problem\03.Problem.csproj", "{62897C24-5156-4335-8CAD-065B0ADBCA27}"
EndProject
Global
	GlobalSection(SolutionConfigurationPlatforms) = preSolution
		Debug|Any CPU = Debug|Any CPU
		Release|Any CPU = Release|Any CPU
	EndGlobalSection
	GlobalSection(ProjectConfigurationPlatforms) = postSolution
		{06C9FF25-4257-4B25-8C50-5C3AA3123858}.Debug|Any CPU.ActiveCfg = Debug|Any CPU
		{06C9FF25-4257-4B25-8C50-5C3AA3123858}.Debug|Any CPU.Build.0 = Debug|Any CPU
		{06C9FF25-4257-4B25-8C50-5C3AA3123858}.Release|Any CPU.ActiveCfg = Release|Any CPU
		{06C9FF25-4257-4B25-8C50-5C3AA3123858}.Release|Any CPU.Build.0 = Release|Any CPU
		{FA46730E-D8E3-4EA0-94FD-305AB6B2B274}.Debug|Any CPU.ActiveCfg = Debug|Any CPU
		{FA46730E-D8E3-4EA0-94FD-305AB6B2B274}.Debug|Any CPU.Build.0 = Debug|Any CPU
		{FA46730E-D8E3-4EA0-94FD-305AB6B2B274}.Release|Any CPU.ActiveCfg = Release|Any CPU
		{FA46730E-D8E3-4EA0-94FD-305AB6B2B274}.Release|Any CPU.Build.0 = Release|Any CPU
		{62897C24-5156-4335-8CAD-065B0ADBCA27}.Debug|Any CPU.ActiveCfg = Debug|Any CPU
		{62897C24-5156-4335-8CAD-065B0ADBCA27}.Debug|Any CPU.Build.0 = Debug|Any CPU
		{62897C24-5156-4335-8CAD-065B0ADBCA27}.Release|Any CPU.ActiveCfg = Release|Any CPU
		{62897C24-5156-4335-8CAD-065B0ADBCA27}.Release|Any CPU.Build.0 = Release|Any CPU
	EndGlobalSection
	GlobalSection(SolutionProperties) = preSolution
		HideSolutionNode = FALSE
	EndGlobalSection
	GlobalSection(ExtensibilityGlobals) = postSolution
		SolutionGuid = {3A6D0453-901A-45C5-B12E-D14A50277D03}
	EndGlobalSection
EndGlobal
