
Microsoft Visual Studio Solution File, Format Version 12.00
# Visual Studio Version 16
VisualStudioVersion = 16.0.30907.101
MinimumVisualStudioVersion = 10.0.40219.1
Project("{9A19103F-16F7-4668-BE54-9A1E7A4F7556}") = "01.SumSeconds", "ConditionalStatements-Exercise\01.SumSeconds.csproj", "{D839DA73-A301-4785-BC39-BFDD547E29CE}"
EndProject
Project("{9A19103F-16F7-4668-BE54-9A1E7A4F7556}") = "02.BonusScore", "02.BonusScore\02.BonusScore.csproj", "{A268D40B-1421-4A4F-8A0E-25269AE52C9B}"
EndProject
Project("{9A19103F-16F7-4668-BE54-9A1E7A4F7556}") = "03.SpeedInfo", "03.SpeedInfo\03.SpeedInfo.csproj", "{75D2397B-3F25-4ECD-B283-5C28F095DFC9}"
EndProject
Project("{9A19103F-16F7-4668-BE54-9A1E7A4F7556}") = "04.MetricConverter", "04.MetricConverter\04.MetricConverter.csproj", "{7232E0DC-7E3F-4308-84AF-232DF0AA91EC}"
EndProject
Project("{9A19103F-16F7-4668-BE54-9A1E7A4F7556}") = "08.Scholarship", "08.Scholarship\08.Scholarship.csproj", "{E244EF60-96E3-4978-9941-B2C763062436}"
EndProject
Project("{FAE04EC0-301F-11D3-BF4B-00C04F79EFBC}") = "06.GodzillaVsKong", "06.GodzillaVsKong\06.GodzillaVsKong.csproj", "{5F198C58-E844-4C1D-9542-14E1C53FFE65}"
EndProject
Project("{FAE04EC0-301F-11D3-BF4B-00C04F79EFBC}") = "07.WorldSwimmingRecord", "07.WorldSwimmingRecord\07.WorldSwimmingRecord.csproj", "{C3F43948-B4F1-4B2F-8A40-A4A070F5868F}"
EndProject
Project("{FAE04EC0-301F-11D3-BF4B-00C04F79EFBC}") = "05.Time+15Minutes", "05.Time+15Minutes\05.Time+15Minutes.csproj", "{BE1EB7A8-02BF-46A8-A8F6-EBC389F39B60}"
EndProject
Global
	GlobalSection(SolutionConfigurationPlatforms) = preSolution
		Debug|Any CPU = Debug|Any CPU
		Release|Any CPU = Release|Any CPU
	EndGlobalSection
	GlobalSection(ProjectConfigurationPlatforms) = postSolution
		{D839DA73-A301-4785-BC39-BFDD547E29CE}.Debug|Any CPU.ActiveCfg = Debug|Any CPU
		{D839DA73-A301-4785-BC39-BFDD547E29CE}.Debug|Any CPU.Build.0 = Debug|Any CPU
		{D839DA73-A301-4785-BC39-BFDD547E29CE}.Release|Any CPU.ActiveCfg = Release|Any CPU
		{D839DA73-A301-4785-BC39-BFDD547E29CE}.Release|Any CPU.Build.0 = Release|Any CPU
		{A268D40B-1421-4A4F-8A0E-25269AE52C9B}.Debug|Any CPU.ActiveCfg = Debug|Any CPU
		{A268D40B-1421-4A4F-8A0E-25269AE52C9B}.Debug|Any CPU.Build.0 = Debug|Any CPU
		{A268D40B-1421-4A4F-8A0E-25269AE52C9B}.Release|Any CPU.ActiveCfg = Release|Any CPU
		{A268D40B-1421-4A4F-8A0E-25269AE52C9B}.Release|Any CPU.Build.0 = Release|Any CPU
		{75D2397B-3F25-4ECD-B283-5C28F095DFC9}.Debug|Any CPU.ActiveCfg = Debug|Any CPU
		{75D2397B-3F25-4ECD-B283-5C28F095DFC9}.Debug|Any CPU.Build.0 = Debug|Any CPU
		{75D2397B-3F25-4ECD-B283-5C28F095DFC9}.Release|Any CPU.ActiveCfg = Release|Any CPU
		{75D2397B-3F25-4ECD-B283-5C28F095DFC9}.Release|Any CPU.Build.0 = Release|Any CPU
		{7232E0DC-7E3F-4308-84AF-232DF0AA91EC}.Debug|Any CPU.ActiveCfg = Debug|Any CPU
		{7232E0DC-7E3F-4308-84AF-232DF0AA91EC}.Debug|Any CPU.Build.0 = Debug|Any CPU
		{7232E0DC-7E3F-4308-84AF-232DF0AA91EC}.Release|Any CPU.ActiveCfg = Release|Any CPU
		{7232E0DC-7E3F-4308-84AF-232DF0AA91EC}.Release|Any CPU.Build.0 = Release|Any CPU
		{E244EF60-96E3-4978-9941-B2C763062436}.Debug|Any CPU.ActiveCfg = Debug|Any CPU
		{E244EF60-96E3-4978-9941-B2C763062436}.Debug|Any CPU.Build.0 = Debug|Any CPU
		{E244EF60-96E3-4978-9941-B2C763062436}.Release|Any CPU.ActiveCfg = Release|Any CPU
		{E244EF60-96E3-4978-9941-B2C763062436}.Release|Any CPU.Build.0 = Release|Any CPU
		{5F198C58-E844-4C1D-9542-14E1C53FFE65}.Debug|Any CPU.ActiveCfg = Debug|Any CPU
		{5F198C58-E844-4C1D-9542-14E1C53FFE65}.Debug|Any CPU.Build.0 = Debug|Any CPU
		{5F198C58-E844-4C1D-9542-14E1C53FFE65}.Release|Any CPU.ActiveCfg = Release|Any CPU
		{5F198C58-E844-4C1D-9542-14E1C53FFE65}.Release|Any CPU.Build.0 = Release|Any CPU
		{C3F43948-B4F1-4B2F-8A40-A4A070F5868F}.Debug|Any CPU.ActiveCfg = Debug|Any CPU
		{C3F43948-B4F1-4B2F-8A40-A4A070F5868F}.Debug|Any CPU.Build.0 = Debug|Any CPU
		{C3F43948-B4F1-4B2F-8A40-A4A070F5868F}.Release|Any CPU.ActiveCfg = Release|Any CPU
		{C3F43948-B4F1-4B2F-8A40-A4A070F5868F}.Release|Any CPU.Build.0 = Release|Any CPU
		{BE1EB7A8-02BF-46A8-A8F6-EBC389F39B60}.Debug|Any CPU.ActiveCfg = Debug|Any CPU
		{BE1EB7A8-02BF-46A8-A8F6-EBC389F39B60}.Debug|Any CPU.Build.0 = Debug|Any CPU
		{BE1EB7A8-02BF-46A8-A8F6-EBC389F39B60}.Release|Any CPU.ActiveCfg = Release|Any CPU
		{BE1EB7A8-02BF-46A8-A8F6-EBC389F39B60}.Release|Any CPU.Build.0 = Release|Any CPU
	EndGlobalSection
	GlobalSection(SolutionProperties) = preSolution
		HideSolutionNode = FALSE
	EndGlobalSection
	GlobalSection(ExtensibilityGlobals) = postSolution
		SolutionGuid = {A13928CC-C7D2-4243-9CCC-C5EAA84276F9}
	EndGlobalSection
EndGlobal
