
Microsoft Visual Studio Solution File, Format Version 12.00
# Visual Studio Version 16
VisualStudioVersion = 16.0.30804.86
MinimumVisualStudioVersion = 10.0.40219.1
Project("{9A19103F-16F7-4668-BE54-9A1E7A4F7556}") = "01.BackToThePast", "01.BackToThePast\01.BackToThePast.csproj", "{55153DB2-B6E5-4054-8F8A-B3FDC05874DE}"
EndProject
Project("{9A19103F-16F7-4668-BE54-9A1E7A4F7556}") = "02.Hospital", "02.Hospital\02.Hospital.csproj", "{31891960-E520-4A75-B1AB-D1A97017A210}"
EndProject
Project("{9A19103F-16F7-4668-BE54-9A1E7A4F7556}") = "03.Logistics", "03.Logistics\03.Logistics.csproj", "{2C674253-6A6E-48CE-875C-5B916EF56180}"
EndProject
Project("{9A19103F-16F7-4668-BE54-9A1E7A4F7556}") = "10.Clock-Part2", "10.Clock-Part2\10.Clock-Part2.csproj", "{3EF4C192-9CDB-439E-A5B6-09FBA0D634D9}"
EndProject
Project("{9A19103F-16F7-4668-BE54-9A1E7A4F7556}") = "04.Grades", "04.Grades\04.Grades.csproj", "{A9E82725-BA4A-4E7C-84D8-63BB75FB443C}"
EndProject
Project("{9A19103F-16F7-4668-BE54-9A1E7A4F7556}") = "05.GameOfIntervals", "05.GameOfIntervals\05.GameOfIntervals.csproj", "{C1FD3981-7CF0-4193-AC11-E87032714D55}"
EndProject
Project("{FAE04EC0-301F-11D3-BF4B-00C04F79EFBC}") = "06.Bills", "06.Bills\06.Bills.csproj", "{92F28084-FABC-4BF5-BE60-CBC0701CA3F7}"
EndProject
Project("{FAE04EC0-301F-11D3-BF4B-00C04F79EFBC}") = "07.FootballLeague", "07.FootballLeague\07.FootballLeague.csproj", "{0766AF66-FCD2-4220-BFB3-0518A086421F}"
EndProject
Project("{FAE04EC0-301F-11D3-BF4B-00C04F79EFBC}") = "08.EqualPairs", "08.EqualPairs\08.EqualPairs.csproj", "{918225AB-4659-4A09-852C-DA975963579E}"
EndProject
Project("{FAE04EC0-301F-11D3-BF4B-00C04F79EFBC}") = "09.Clock", "09.Clock\09.Clock.csproj", "{441E9565-134A-4BA3-A3A5-8F2BA169F4D3}"
EndProject
Global
	GlobalSection(SolutionConfigurationPlatforms) = preSolution
		Debug|Any CPU = Debug|Any CPU
		Release|Any CPU = Release|Any CPU
	EndGlobalSection
	GlobalSection(ProjectConfigurationPlatforms) = postSolution
		{55153DB2-B6E5-4054-8F8A-B3FDC05874DE}.Debug|Any CPU.ActiveCfg = Debug|Any CPU
		{55153DB2-B6E5-4054-8F8A-B3FDC05874DE}.Debug|Any CPU.Build.0 = Debug|Any CPU
		{55153DB2-B6E5-4054-8F8A-B3FDC05874DE}.Release|Any CPU.ActiveCfg = Release|Any CPU
		{55153DB2-B6E5-4054-8F8A-B3FDC05874DE}.Release|Any CPU.Build.0 = Release|Any CPU
		{31891960-E520-4A75-B1AB-D1A97017A210}.Debug|Any CPU.ActiveCfg = Debug|Any CPU
		{31891960-E520-4A75-B1AB-D1A97017A210}.Debug|Any CPU.Build.0 = Debug|Any CPU
		{31891960-E520-4A75-B1AB-D1A97017A210}.Release|Any CPU.ActiveCfg = Release|Any CPU
		{31891960-E520-4A75-B1AB-D1A97017A210}.Release|Any CPU.Build.0 = Release|Any CPU
		{2C674253-6A6E-48CE-875C-5B916EF56180}.Debug|Any CPU.ActiveCfg = Debug|Any CPU
		{2C674253-6A6E-48CE-875C-5B916EF56180}.Debug|Any CPU.Build.0 = Debug|Any CPU
		{2C674253-6A6E-48CE-875C-5B916EF56180}.Release|Any CPU.ActiveCfg = Release|Any CPU
		{2C674253-6A6E-48CE-875C-5B916EF56180}.Release|Any CPU.Build.0 = Release|Any CPU
		{3EF4C192-9CDB-439E-A5B6-09FBA0D634D9}.Debug|Any CPU.ActiveCfg = Debug|Any CPU
		{3EF4C192-9CDB-439E-A5B6-09FBA0D634D9}.Debug|Any CPU.Build.0 = Debug|Any CPU
		{3EF4C192-9CDB-439E-A5B6-09FBA0D634D9}.Release|Any CPU.ActiveCfg = Release|Any CPU
		{3EF4C192-9CDB-439E-A5B6-09FBA0D634D9}.Release|Any CPU.Build.0 = Release|Any CPU
		{A9E82725-BA4A-4E7C-84D8-63BB75FB443C}.Debug|Any CPU.ActiveCfg = Debug|Any CPU
		{A9E82725-BA4A-4E7C-84D8-63BB75FB443C}.Debug|Any CPU.Build.0 = Debug|Any CPU
		{A9E82725-BA4A-4E7C-84D8-63BB75FB443C}.Release|Any CPU.ActiveCfg = Release|Any CPU
		{A9E82725-BA4A-4E7C-84D8-63BB75FB443C}.Release|Any CPU.Build.0 = Release|Any CPU
		{C1FD3981-7CF0-4193-AC11-E87032714D55}.Debug|Any CPU.ActiveCfg = Debug|Any CPU
		{C1FD3981-7CF0-4193-AC11-E87032714D55}.Debug|Any CPU.Build.0 = Debug|Any CPU
		{C1FD3981-7CF0-4193-AC11-E87032714D55}.Release|Any CPU.ActiveCfg = Release|Any CPU
		{C1FD3981-7CF0-4193-AC11-E87032714D55}.Release|Any CPU.Build.0 = Release|Any CPU
		{92F28084-FABC-4BF5-BE60-CBC0701CA3F7}.Debug|Any CPU.ActiveCfg = Debug|Any CPU
		{92F28084-FABC-4BF5-BE60-CBC0701CA3F7}.Debug|Any CPU.Build.0 = Debug|Any CPU
		{92F28084-FABC-4BF5-BE60-CBC0701CA3F7}.Release|Any CPU.ActiveCfg = Release|Any CPU
		{92F28084-FABC-4BF5-BE60-CBC0701CA3F7}.Release|Any CPU.Build.0 = Release|Any CPU
		{0766AF66-FCD2-4220-BFB3-0518A086421F}.Debug|Any CPU.ActiveCfg = Debug|Any CPU
		{0766AF66-FCD2-4220-BFB3-0518A086421F}.Debug|Any CPU.Build.0 = Debug|Any CPU
		{0766AF66-FCD2-4220-BFB3-0518A086421F}.Release|Any CPU.ActiveCfg = Release|Any CPU
		{0766AF66-FCD2-4220-BFB3-0518A086421F}.Release|Any CPU.Build.0 = Release|Any CPU
		{918225AB-4659-4A09-852C-DA975963579E}.Debug|Any CPU.ActiveCfg = Debug|Any CPU
		{918225AB-4659-4A09-852C-DA975963579E}.Debug|Any CPU.Build.0 = Debug|Any CPU
		{918225AB-4659-4A09-852C-DA975963579E}.Release|Any CPU.ActiveCfg = Release|Any CPU
		{918225AB-4659-4A09-852C-DA975963579E}.Release|Any CPU.Build.0 = Release|Any CPU
		{441E9565-134A-4BA3-A3A5-8F2BA169F4D3}.Debug|Any CPU.ActiveCfg = Debug|Any CPU
		{441E9565-134A-4BA3-A3A5-8F2BA169F4D3}.Debug|Any CPU.Build.0 = Debug|Any CPU
		{441E9565-134A-4BA3-A3A5-8F2BA169F4D3}.Release|Any CPU.ActiveCfg = Release|Any CPU
		{441E9565-134A-4BA3-A3A5-8F2BA169F4D3}.Release|Any CPU.Build.0 = Release|Any CPU
	EndGlobalSection
	GlobalSection(SolutionProperties) = preSolution
		HideSolutionNode = FALSE
	EndGlobalSection
	GlobalSection(ExtensibilityGlobals) = postSolution
		SolutionGuid = {66D897CD-219B-4F06-8C02-942E10751876}
	EndGlobalSection
EndGlobal
