
Microsoft Visual Studio Solution File, Format Version 12.00
# Visual Studio Version 16
VisualStudioVersion = 16.0.31424.327
MinimumVisualStudioVersion = 10.0.40219.1
Project("{FAE04EC0-301F-11D3-BF4B-00C04F79EFBC}") = "01.ReverseStrings", "01.ReverseStrings\01.ReverseStrings.csproj", "{350F78A7-ABD9-4983-BC07-B20189CA12CF}"
EndProject
Project("{FAE04EC0-301F-11D3-BF4B-00C04F79EFBC}") = "02.RepeatStrings", "02.RepeatStrings\02.RepeatStrings.csproj", "{162B4749-83A3-43C2-8760-C990BB4492D0}"
EndProject
Project("{FAE04EC0-301F-11D3-BF4B-00C04F79EFBC}") = "03.Substring", "03.Substring\03.Substring.csproj", "{05FDA7CE-D5BD-4FFE-8065-3D84FBF3A32D}"
EndProject
Project("{FAE04EC0-301F-11D3-BF4B-00C04F79EFBC}") = "04.TextFilter", "04.TextFilter\04.TextFilter.csproj", "{10742EED-EB24-412D-996D-6360A2C0A708}"
EndProject
Project("{FAE04EC0-301F-11D3-BF4B-00C04F79EFBC}") = "05.Digits,LettersAndOther", "05.Digits,LettersAndOther\05.Digits,LettersAndOther.csproj", "{0B0964AB-EBC7-4A7B-9886-72D1C6FB080D}"
EndProject
Global
	GlobalSection(SolutionConfigurationPlatforms) = preSolution
		Debug|Any CPU = Debug|Any CPU
		Release|Any CPU = Release|Any CPU
	EndGlobalSection
	GlobalSection(ProjectConfigurationPlatforms) = postSolution
		{350F78A7-ABD9-4983-BC07-B20189CA12CF}.Debug|Any CPU.ActiveCfg = Debug|Any CPU
		{350F78A7-ABD9-4983-BC07-B20189CA12CF}.Debug|Any CPU.Build.0 = Debug|Any CPU
		{350F78A7-ABD9-4983-BC07-B20189CA12CF}.Release|Any CPU.ActiveCfg = Release|Any CPU
		{350F78A7-ABD9-4983-BC07-B20189CA12CF}.Release|Any CPU.Build.0 = Release|Any CPU
		{162B4749-83A3-43C2-8760-C990BB4492D0}.Debug|Any CPU.ActiveCfg = Debug|Any CPU
		{162B4749-83A3-43C2-8760-C990BB4492D0}.Debug|Any CPU.Build.0 = Debug|Any CPU
		{162B4749-83A3-43C2-8760-C990BB4492D0}.Release|Any CPU.ActiveCfg = Release|Any CPU
		{162B4749-83A3-43C2-8760-C990BB4492D0}.Release|Any CPU.Build.0 = Release|Any CPU
		{05FDA7CE-D5BD-4FFE-8065-3D84FBF3A32D}.Debug|Any CPU.ActiveCfg = Debug|Any CPU
		{05FDA7CE-D5BD-4FFE-8065-3D84FBF3A32D}.Debug|Any CPU.Build.0 = Debug|Any CPU
		{05FDA7CE-D5BD-4FFE-8065-3D84FBF3A32D}.Release|Any CPU.ActiveCfg = Release|Any CPU
		{05FDA7CE-D5BD-4FFE-8065-3D84FBF3A32D}.Release|Any CPU.Build.0 = Release|Any CPU
		{10742EED-EB24-412D-996D-6360A2C0A708}.Debug|Any CPU.ActiveCfg = Debug|Any CPU
		{10742EED-EB24-412D-996D-6360A2C0A708}.Debug|Any CPU.Build.0 = Debug|Any CPU
		{10742EED-EB24-412D-996D-6360A2C0A708}.Release|Any CPU.ActiveCfg = Release|Any CPU
		{10742EED-EB24-412D-996D-6360A2C0A708}.Release|Any CPU.Build.0 = Release|Any CPU
		{0B0964AB-EBC7-4A7B-9886-72D1C6FB080D}.Debug|Any CPU.ActiveCfg = Debug|Any CPU
		{0B0964AB-EBC7-4A7B-9886-72D1C6FB080D}.Debug|Any CPU.Build.0 = Debug|Any CPU
		{0B0964AB-EBC7-4A7B-9886-72D1C6FB080D}.Release|Any CPU.ActiveCfg = Release|Any CPU
		{0B0964AB-EBC7-4A7B-9886-72D1C6FB080D}.Release|Any CPU.Build.0 = Release|Any CPU
	EndGlobalSection
	GlobalSection(SolutionProperties) = preSolution
		HideSolutionNode = FALSE
	EndGlobalSection
	GlobalSection(ExtensibilityGlobals) = postSolution
		SolutionGuid = {744D9102-5482-4CF6-BE59-963A9A624BCA}
	EndGlobalSection
EndGlobal
